{
  "name": "@bandlab/eslint-config-bandlab-angularjs",
  "version": "5.0.0",
  "lockfileVersion": 1,
  "requires": true,
  "dependencies": {
    "@bandlab/eslint-config-bandlab-base": {
      "version": "4.1.1",
      "resolved": "https://registry.npmjs.org/@bandlab/eslint-config-bandlab-base/-/eslint-config-bandlab-base-4.1.1.tgz",
      "integrity": "sha512-Bj7LF9rASpPnsKFpJhFgNYiOnVOx3cseHnB/TlNi6cIFUsdra2O9oTU60eUQsVF4jbmHrZjHPaeBLo1chPKAew=="
    }
  }
}
